
Microsoft Visual Studio Solution File, Format Version 12.00
# Visual Studio 15
VisualStudioVersion = 15.0.28307.271
MinimumVisualStudioVersion = 10.0.40219.1
Project("{8BC9CEB8-8B4A-11D0-8D11-00A0C91BC942}") = "QuickSortGDHM", "QuickSortGDHM\QuickSortGDHM.vcxproj", "{1CC6D58B-EB65-415F-9093-EDB9A8F49E24}"
EndProject
Project("{8BC9CEB8-8B4A-11D0-8D11-00A0C91BC942}") = "SortTest", "SortTest\SortTest.vcxproj", "{9680DB3E-254A-40D8-8946-29DAC21E4D75}"
EndProject
Global
	GlobalSection(SolutionConfigurationPlatforms) = preSolution
		Debug|x64 = Debug|x64
		Debug|x86 = Debug|x86
		Release|x64 = Release|x64
		Release|x86 = Release|x86
	EndGlobalSection
	GlobalSection(ProjectConfigurationPlatforms) = postSolution
		{1CC6D58B-EB65-415F-9093-EDB9A8F49E24}.Debug|x64.ActiveCfg = Debug|x64
		{1CC6D58B-EB65-415F-9093-EDB9A8F49E24}.Debug|x64.Build.0 = Debug|x64
		{1CC6D58B-EB65-415F-9093-EDB9A8F49E24}.Debug|x86.ActiveCfg = Debug|Win32
		{1CC6D58B-EB65-415F-9093-EDB9A8F49E24}.Debug|x86.Build.0 = Debug|Win32
		{1CC6D58B-EB65-415F-9093-EDB9A8F49E24}.Release|x64.ActiveCfg = Release|x64
		{1CC6D58B-EB65-415F-9093-EDB9A8F49E24}.Release|x64.Build.0 = Release|x64
		{1CC6D58B-EB65-415F-9093-EDB9A8F49E24}.Release|x86.ActiveCfg = Release|Win32
		{1CC6D58B-EB65-415F-9093-EDB9A8F49E24}.Release|x86.Build.0 = Release|Win32
		{9680DB3E-254A-40D8-8946-29DAC21E4D75}.Debug|x64.ActiveCfg = Debug|x64
		{9680DB3E-254A-40D8-8946-29DAC21E4D75}.Debug|x64.Build.0 = Debug|x64
		{9680DB3E-254A-40D8-8946-29DAC21E4D75}.Debug|x86.ActiveCfg = Debug|Win32
		{9680DB3E-254A-40D8-8946-29DAC21E4D75}.Debug|x86.Build.0 = Debug|Win32
		{9680DB3E-254A-40D8-8946-29DAC21E4D75}.Release|x64.ActiveCfg = Release|x64
		{9680DB3E-254A-40D8-8946-29DAC21E4D75}.Release|x64.Build.0 = Release|x64
		{9680DB3E-254A-40D8-8946-29DAC21E4D75}.Release|x86.ActiveCfg = Release|Win32
		{9680DB3E-254A-40D8-8946-29DAC21E4D75}.Release|x86.Build.0 = Release|Win32
	EndGlobalSection
	GlobalSection(SolutionProperties) = preSolution
		HideSolutionNode = FALSE
	EndGlobalSection
	GlobalSection(ExtensibilityGlobals) = postSolution
		SolutionGuid = {AC9EA9DD-BD79-4D3A-A11A-458FDC01DD6E}
	EndGlobalSection
EndGlobal
